{
  "version": 4,
  "terraform_version": "1.8.2",
  "serial": 1,
  "lineage": "3ae93b3b-23b0-e5fa-c182-b26de552d8f9",
  "outputs": {},
  "resources": [
    {
      "mode": "managed",
      "type": "aws_vpc",
      "name": "main",
      "provider": "provider[\"registry.terraform.io/hashicorp/aws\"]",
      "instances": [
        {
          "schema_version": 1,
          "attributes": {
            "arn": "arn:aws:ec2:ap-northeast-1:183631331023:vpc/vpc-0b862dd3c367525c7",
            "assign_generated_ipv6_cidr_block": false,
            "cidr_block": "10.0.0.0/16",
            "default_network_acl_id": "acl-0b60d5ac9ab7dbe8e",
            "default_route_table_id": "rtb-08e095ffa19de16fe",
            "default_security_group_id": "sg-0aceb5319fb41746d",
            "dhcp_options_id": "dopt-0fc8203c96cb17c7f",
            "enable_dns_hostnames": false,
            "enable_dns_support": true,
            "enable_network_address_usage_metrics": false,
            "id": "vpc-0b862dd3c367525c7",
            "instance_tenancy": "default",
            "ipv4_ipam_pool_id": null,
            "ipv4_netmask_length": null,
            "ipv6_association_id": "",
            "ipv6_cidr_block": "",
            "ipv6_cidr_block_network_border_group": "",
            "ipv6_ipam_pool_id": "",
            "ipv6_netmask_length": 0,
            "main_route_table_id": "rtb-08e095ffa19de16fe",
            "owner_id": "183631331023",
            "tags": {
              "Name": "training-vpc"
            },
            "tags_all": {
              "Name": "training-vpc"
            }
          },
          "sensitive_attributes": [],
          "private": "eyJzY2hlbWFfdmVyc2lvbiI6IjEifQ=="
        }
      ]
    }
  ],
  "check_results": null
}
